
Microsoft Visual Studio Solution File, Format Version 12.00
# Visual Studio 2012
Project("{FAE04EC0-301F-11D3-BF4B-00C04F79EFBC}") = "Week2CodeChallenge", "Week2CodeChallenge.csproj", "{24E0A3C7-B3EC-403E-88D2-EDE722C9249F}"
EndProject
Global
	GlobalSection(SolutionConfigurationPlatforms) = preSolution
		Debug|Any CPU = Debug|Any CPU
		Release|Any CPU = Release|Any CPU
	EndGlobalSection
	GlobalSection(ProjectConfigurationPlatforms) = postSolution
		{24E0A3C7-B3EC-403E-88D2-EDE722C9249F}.Debug|Any CPU.ActiveCfg = Debug|Any CPU
		{24E0A3C7-B3EC-403E-88D2-EDE722C9249F}.Debug|Any CPU.Build.0 = Debug|Any CPU
		{24E0A3C7-B3EC-403E-88D2-EDE722C9249F}.Release|Any CPU.ActiveCfg = Release|Any CPU
		{24E0A3C7-B3EC-403E-88D2-EDE722C9249F}.Release|Any CPU.Build.0 = Release|Any CPU
	EndGlobalSection
	GlobalSection(SolutionProperties) = preSolution
		HideSolutionNode = FALSE
	EndGlobalSection
EndGlobal
